{
  "name": "prettier-plugin-properties",
  "version": "0.0.1",
  "lockfileVersion": 1,
  "requires": true,
  "dependencies": {
    "dot-properties": {
      "version": "1.0.0",
      "resolved": "https://registry.npmjs.org/dot-properties/-/dot-properties-1.0.0.tgz",
      "integrity": "sha512-mWgeeG6SxYW7iwKj4AwO3ysj4vk68cbR5Hy+qeZKWaHHkrb3PDk21VBFFWbFScdhc8whk4ZcjNvEK771s3K34g=="
    },
    "linguist-languages": {
      "version": "7.9.0",
      "resolved": "https://registry.npmjs.org/linguist-languages/-/linguist-languages-7.9.0.tgz",
      "integrity": "sha512-saKTpS7BH8vOOwzrZNTkFL/DuT2JN7cg6oHWY8nAjt89+pV1qFcpbjEEcZdAv9ogc4DcxVFHkXmjeyU/DiFHQw=="
    },
    "prettier": {
      "version": "2.0.4",
      "resolved": "https://registry.npmjs.org/prettier/-/prettier-2.0.4.tgz",
      "integrity": "sha512-SVJIQ51spzFDvh4fIbCLvciiDMCrRhlN3mbZvv/+ycjvmF5E73bKdGfU8QDLNmjYJf+lsGnDBC4UUnvTe5OO0w==",
      "dev": true
    }
  }
}
